// !$*UTF8*$!
{
	archiveVersion = 1;
	classes = {
	};
	objectVersion = 46;
	objects = {

/* Begin PBXBuildFile section */
		97583BAE1C4EEBA500FCD56D /* main.m in Sources */ = {isa = PBXBuildFile; fileRef = 97583BAD1C4EEBA500FCD56D /* main.m */; };
		97583BB11C4EEBA500FCD56D /* AppDelegate.m in Sources */ = {isa = PBXBuildFile; fileRef = 97583BB01C4EEBA500FCD56D /* AppDelegate.m */; };
		97583BB41C4EEBA500FCD56D /* ViewController.m in Sources */ = {isa = PBXBuildFile; fileRef = 97583BB31C4EEBA500FCD56D /* ViewController.m */; };
		97583BB71C4EEBA500FCD56D /* Main.storyboard in Resources */ = {isa = PBXBuildFile; fileRef = 97583BB51C4EEBA500FCD56D /* Main.storyboard */; };
		97583BB91C4EEBA500FCD56D /* Assets.xcassets in Resources */ = {isa = PBXBuildFile; fileRef = 97583BB81C4EEBA500FCD56D /* Assets.xcassets */; };
		97583BBC1C4EEBA500FCD56D /* LaunchScreen.storyboard in Resources */ = {isa = PBXBuildFile; fileRef = 97583BBA1C4EEBA500FCD56D /* LaunchScreen.storyboard */; };
		97583BC51C4EED1000FCD56D /* MagicalCreature.m in Sources */ = {isa = PBXBuildFile; fileRef = 97583BC41C4EED1000FCD56D /* MagicalCreature.m */; };
		BD3153A31C4F06220047E128 /* CreatureViewController.m in Sources */ = {isa = PBXBuildFile; fileRef = BD3153A21C4F06220047E128 /* CreatureViewController.m */; };
/* End PBXBuildFile section */

/* Begin PBXFileReference section */
		97583BA91C4EEBA500FCD56D /* MCMS.app */ = {isa = PBXFileReference; explicitFileType = wrapper.application; includeInIndex = 0; path = MCMS.app; sourceTree = BUILT_PRODUCTS_DIR; };
		97583BAD1C4EEBA500FCD56D /* main.m */ = {isa = PBXFileReference; lastKnownFileType = sourcecode.c.objc; path = main.m; sourceTree = "<group>"; };
		97583BAF1C4EEBA500FCD56D /* AppDelegate.h */ = {isa = PBXFileReference; lastKnownFileType = sourcecode.c.h; path = AppDelegate.h; sourceTree = "<group>"; };
		97583BB01C4EEBA500FCD56D /* AppDelegate.m */ = {isa = PBXFileReference; lastKnownFileType = sourcecode.c.objc; path = AppDelegate.m; sourceTree = "<group>"; };
		97583BB21C4EEBA500FCD56D /* ViewController.h */ = {isa = PBXFileReference; lastKnownFileType = sourcecode.c.h; path = ViewController.h; sourceTree = "<group>"; };
		97583BB31C4EEBA500FCD56D /* ViewController.m */ = {isa = PBXFileReference; lastKnownFileType = sourcecode.c.objc; path = ViewController.m; sourceTree = "<group>"; };
		97583BB61C4EEBA500FCD56D /* Base */ = {isa = PBXFileReference; lastKnownFileType = file.storyboard; name = Base; path = Base.lproj/Main.storyboard; sourceTree = "<group>"; };
		97583BB81C4EEBA500FCD56D /* Assets.xcassets */ = {isa = PBXFileReference; lastKnownFileType = folder.assetcatalog; path = Assets.xcassets; sourceTree = "<group>"; };
		97583BBB1C4EEBA500FCD56D /* Base */ = {isa = PBXFileReference; lastKnownFileType = file.storyboard; name = Base; path = Base.lproj/LaunchScreen.storyboard; sourceTree = "<group>"; };
		97583BBD1C4EEBA500FCD56D /* Info.plist */ = {isa = PBXFileReference; lastKnownFileType = text.plist.xml; path = Info.plist; sourceTree = "<group>"; };
		97583BC31C4EED1000FCD56D /* MagicalCreature.h */ = {isa = PBXFileReference; fileEncoding = 4; lastKnownFileType = sourcecode.c.h; path = MagicalCreature.h; sourceTree = "<group>"; };
		97583BC41C4EED1000FCD56D /* MagicalCreature.m */ = {isa = PBXFileReference; fileEncoding = 4; lastKnownFileType = sourcecode.c.objc; path = MagicalCreature.m; sourceTree = "<group>"; };
		BD3153A11C4F06220047E128 /* CreatureViewController.h */ = {isa = PBXFileReference; fileEncoding = 4; lastKnownFileType = sourcecode.c.h; path = CreatureViewController.h; sourceTree = "<group>"; };
		BD3153A21C4F06220047E128 /* CreatureViewController.m */ = {isa = PBXFileReference; fileEncoding = 4; lastKnownFileType = sourcecode.c.objc; path = CreatureViewController.m; sourceTree = "<group>"; };
/* End PBXFileReference section */

/* Begin PBXFrameworksBuildPhase section */
		97583BA61C4EEBA500FCD56D /* Frameworks */ = {
			isa = PBXFrameworksBuildPhase;
			buildActionMask = 2147483647;
			files = (
			);
			runOnlyForDeploymentPostprocessing = 0;
		};
/* End PBXFrameworksBuildPhase section */

/* Begin PBXGroup section */
		97583BA01C4EEBA500FCD56D = {
			isa = PBXGroup;
			children = (
				97583BAB1C4EEBA500FCD56D /* MCMS */,
				97583BAA1C4EEBA500FCD56D /* Products */,
			);
			sourceTree = "<group>";
		};
		97583BAA1C4EEBA500FCD56D /* Products */ = {
			isa = PBXGroup;
			children = (
				97583BA91C4EEBA500FCD56D /* MCMS.app */,
			);
			name = Products;
			sourceTree = "<group>";
		};
		97583BAB1C4EEBA500FCD56D /* MCMS */ = {
			isa = PBXGroup;
			children = (
				97583BAF1C4EEBA500FCD56D /* AppDelegate.h */,
				97583BB01C4EEBA500FCD56D /* AppDelegate.m */,
				97583BB51C4EEBA500FCD56D /* Main.storyboard */,
				BD3153A11C4F06220047E128 /* CreatureViewController.h */,
				BD3153A21C4F06220047E128 /* CreatureViewController.m */,
				97583BB21C4EEBA500FCD56D /* ViewController.h */,
				97583BB31C4EEBA500FCD56D /* ViewController.m */,
				97583BC31C4EED1000FCD56D /* MagicalCreature.h */,
				97583BC41C4EED1000FCD56D /* MagicalCreature.m */,
				97583BB81C4EEBA500FCD56D /* Assets.xcassets */,
				97583BBA1C4EEBA500FCD56D /* LaunchScreen.storyboard */,
				97583BBD1C4EEBA500FCD56D /* Info.plist */,
				97583BAC1C4EEBA500FCD56D /* Supporting Files */,
			);
			path = MCMS;
			sourceTree = "<group>";
		};
		97583BAC1C4EEBA500FCD56D /* Supporting Files */ = {
			isa = PBXGroup;
			children = (
				97583BAD1C4EEBA500FCD56D /* main.m */,
			);
			name = "Supporting Files";
			sourceTree = "<group>";
		};
/* End PBXGroup section */

/* Begin PBXNativeTarget section */
		97583BA81C4EEBA500FCD56D /* MCMS */ = {
			isa = PBXNativeTarget;
			buildConfigurationList = 97583BC01C4EEBA500FCD56D /* Build configuration list for PBXNativeTarget "MCMS" */;
			buildPhases = (
				97583BA51C4EEBA500FCD56D /* Sources */,
				97583BA61C4EEBA500FCD56D /* Frameworks */,
				97583BA71C4EEBA500FCD56D /* Resources */,
			);
			buildRules = (
			);
			dependencies = (
			);
			name = MCMS;
			productName = MCMS;
			productReference = 97583BA91C4EEBA500FCD56D /* MCMS.app */;
			productType = "com.apple.product-type.application";
		};
/* End PBXNativeTarget section */

/* Begin PBXProject section */
		97583BA11C4EEBA500FCD56D /* Project object */ = {
			isa = PBXProject;
			attributes = {
				LastUpgradeCheck = 0720;
				ORGANIZATIONNAME = "Andrew Chen";
				TargetAttributes = {
					97583BA81C4EEBA500FCD56D = {
						CreatedOnToolsVersion = 7.2;
					};
				};
			};
			buildConfigurationList = 97583BA41C4EEBA500FCD56D /* Build configuration list for PBXProject "MCMS" */;
			compatibilityVersion = "Xcode 3.2";
			developmentRegion = English;
			hasScannedForEncodings = 0;
			knownRegions = (
				en,
				Base,
			);
			mainGroup = 97583BA01C4EEBA500FCD56D;
			productRefGroup = 97583BAA1C4EEBA500FCD56D /* Products */;
			projectDirPath = "";
			projectRoot = "";
			targets = (
				97583BA81C4EEBA500FCD56D /* MCMS */,
			);
		};
/* End PBXProject section */

/* Begin PBXResourcesBuildPhase section */
		97583BA71C4EEBA500FCD56D /* Resources */ = {
			isa = PBXResourcesBuildPhase;
			buildActionMask = 2147483647;
			files = (
				97583BBC1C4EEBA500FCD56D /* LaunchScreen.storyboard in Resources */,
				97583BB91C4EEBA500FCD56D /* Assets.xcassets in Resources */,
				97583BB71C4EEBA500FCD56D /* Main.storyboard in Resources */,
			);
			runOnlyForDeploymentPostprocessing = 0;
		};
/* End PBXResourcesBuildPhase section */

/* Begin PBXSourcesBuildPhase section */
		97583BA51C4EEBA500FCD56D /* Sources */ = {
			isa = PBXSourcesBuildPhase;
			buildActionMask = 2147483647;
			files = (
				97583BB41C4EEBA500FCD56D /* ViewController.m in Sources */,
				97583BC51C4EED1000FCD56D /* MagicalCreature.m in Sources */,
				97583BB11C4EEBA500FCD56D /* AppDelegate.m in Sources */,
				BD3153A31C4F06220047E128 /* CreatureViewController.m in Sources */,
				97583BAE1C4EEBA500FCD56D /* main.m in Sources */,
			);
			runOnlyForDeploymentPostprocessing = 0;
		};
/* End PBXSourcesBuildPhase section */

/* Begin PBXVariantGroup section */
		97583BB51C4EEBA500FCD56D /* Main.storyboard */ = {
			isa = PBXVariantGroup;
			children = (
				97583BB61C4EEBA500FCD56D /* Base */,
			);
			name = Main.storyboard;
			sourceTree = "<group>";
		};
		97583BBA1C4EEBA500FCD56D /* LaunchScreen.storyboard */ = {
			isa = PBXVariantGroup;
			children = (
				97583BBB1C4EEBA500FCD56D /* Base */,
			);
			name = LaunchScreen.storyboard;
			sourceTree = "<group>";
		};
/* End PBXVariantGroup section */

/* Begin XCBuildConfiguration section */
		97583BBE1C4EEBA500FCD56D /* Debug */ = {
			isa = XCBuildConfiguration;
			buildSettings = {
				ALWAYS_SEARCH_USER_PATHS = NO;
				CLANG_CXX_LANGUAGE_STANDARD = "gnu++0x";
				CLANG_CXX_LIBRARY = "libc++";
				CLANG_ENABLE_MODULES = YES;
				CLANG_ENABLE_OBJC_ARC = YES;
				CLANG_WARN_BOOL_CONVERSION = YES;
				CLANG_WARN_CONSTANT_CONVERSION = YES;
				CLANG_WARN_DIRECT_OBJC_ISA_USAGE = YES_ERROR;
				CLANG_WARN_EMPTY_BODY = YES;
				CLANG_WARN_ENUM_CONVERSION = YES;
				CLANG_WARN_INT_CONVERSION = YES;
				CLANG_WARN_OBJC_ROOT_CLASS = YES_ERROR;
				CLANG_WARN_UNREACHABLE_CODE = YES;
				CLANG_WARN__DUPLICATE_METHOD_MATCH = YES;
				"CODE_SIGN_IDENTITY[sdk=iphoneos*]" = "iPhone Developer";
				COPY_PHASE_STRIP = NO;
				DEBUG_INFORMATION_FORMAT = dwarf;
				ENABLE_STRICT_OBJC_MSGSEND = YES;
				ENABLE_TESTABILITY = YES;
				GCC_C_LANGUAGE_STANDARD = gnu99;
				GCC_DYNAMIC_NO_PIC = NO;
				GCC_NO_COMMON_BLOCKS = YES;
				GCC_OPTIMIZATION_LEVEL = 0;
				GCC_PREPROCESSOR_DEFINITIONS = (
					"DEBUG=1",
					"$(inherited)",
				);
				GCC_WARN_64_TO_32_BIT_CONVERSION = YES;
				GCC_WARN_ABOUT_RETURN_TYPE = YES_ERROR;
				GCC_WARN_UNDECLARED_SELECTOR = YES;
				GCC_WARN_UNINITIALIZED_AUTOS = YES_AGGRESSIVE;
				GCC_WARN_UNUSED_FUNCTION = YES;
				GCC_WARN_UNUSED_VARIABLE = YES;
				IPHONEOS_DEPLOYMENT_TARGET = 9.2;
				MTL_ENABLE_DEBUG_INFO = YES;
				ONLY_ACTIVE_ARCH = YES;
				SDKROOT = iphoneos;
			};
			name = Debug;
		};
		97583BBF1C4EEBA500FCD56D /* Release */ = {
			isa = XCBuildConfiguration;
			buildSettings = {
				ALWAYS_SEARCH_USER_PATHS = NO;
				CLANG_CXX_LANGUAGE_STANDARD = "gnu++0x";
				CLANG_CXX_LIBRARY = "libc++";
				CLANG_ENABLE_MODULES = YES;
				CLANG_ENABLE_OBJC_ARC = YES;
				CLANG_WARN_BOOL_CONVERSION = YES;
				CLANG_WARN_CONSTANT_CONVERSION = YES;
				CLANG_WARN_DIRECT_OBJC_ISA_USAGE = YES_ERROR;
				CLANG_WARN_EMPTY_BODY = YES;
				CLANG_WARN_ENUM_CONVERSION = YES;
				CLANG_WARN_INT_CONVERSION = YES;
				CLANG_WARN_OBJC_ROOT_CLASS = YES_ERROR;
				CLANG_WARN_UNREACHABLE_CODE = YES;
				CLANG_WARN__DUPLICATE_METHOD_MATCH = YES;
				"CODE_SIGN_IDENTITY[sdk=iphoneos*]" = "iPhone Developer";
				COPY_PHASE_STRIP = NO;
				DEBUG_INFORMATION_FORMAT = "dwarf-with-dsym";
				ENABLE_NS_ASSERTIONS = NO;
				ENABLE_STRICT_OBJC_MSGSEND = YES;
				GCC_C_LANGUAGE_STANDARD = gnu99;
				GCC_NO_COMMON_BLOCKS = YES;
				GCC_WARN_64_TO_32_BIT_CONVERSION = YES;
				GCC_WARN_ABOUT_RETURN_TYPE = YES_ERROR;
				GCC_WARN_UNDECLARED_SELECTOR = YES;
				GCC_WARN_UNINITIALIZED_AUTOS = YES_AGGRESSIVE;
				GCC_WARN_UNUSED_FUNCTION = YES;
				GCC_WARN_UNUSED_VARIABLE = YES;
				IPHONEOS_DEPLOYMENT_TARGET = 9.2;
				MTL_ENABLE_DEBUG_INFO = NO;
				SDKROOT = iphoneos;
				VALIDATE_PRODUCT = YES;
			};
			name = Release;
		};
		97583BC11C4EEBA500FCD56D /* Debug */ = {
			isa = XCBuildConfiguration;
			buildSettings = {
				ASSETCATALOG_COMPILER_APPICON_NAME = AppIcon;
				INFOPLIST_FILE = MCMS/Info.plist;
				LD_RUNPATH_SEARCH_PATHS = "$(inherited) @executable_path/Frameworks";
				PRODUCT_BUNDLE_IDENTIFIER = andrewchen.MCMS;
				PRODUCT_NAME = "$(TARGET_NAME)";
			};
			name = Debug;
		};
		97583BC21C4EEBA500FCD56D /* Release */ = {
			isa = XCBuildConfiguration;
			buildSettings = {
				ASSETCATALOG_COMPILER_APPICON_NAME = AppIcon;
				INFOPLIST_FILE = MCMS/Info.plist;
				LD_RUNPATH_SEARCH_PATHS = "$(inherited) @executable_path/Frameworks";
				PRODUCT_BUNDLE_IDENTIFIER = andrewchen.MCMS;
				PRODUCT_NAME = "$(TARGET_NAME)";
			};
			name = Release;
		};
/* End XCBuildConfiguration section */

/* Begin XCConfigurationList section */
		97583BA41C4EEBA500FCD56D /* Build configuration list for PBXProject "MCMS" */ = {
			isa = XCConfigurationList;
			buildConfigurations = (
				97583BBE1C4EEBA500FCD56D /* Debug */,
				97583BBF1C4EEBA500FCD56D /* Release */,
			);
			defaultConfigurationIsVisible = 0;
			defaultConfigurationName = Release;
		};
		97583BC01C4EEBA500FCD56D /* Build configuration list for PBXNativeTarget "MCMS" */ = {
			isa = XCConfigurationList;
			buildConfigurations = (
				97583BC11C4EEBA500FCD56D /* Debug */,
				97583BC21C4EEBA500FCD56D /* Release */,
			);
			defaultConfigurationIsVisible = 0;
			defaultConfigurationName = Release;
		};
/* End XCConfigurationList section */
	};
	rootObject = 97583BA11C4EEBA500FCD56D /* Project object */;
}
